
Microsoft Visual Studio Solution File, Format Version 12.00
# Visual Studio Version 16
VisualStudioVersion = 16.0.31005.135
MinimumVisualStudioVersion = 10.0.40219.1
Project("{FAE04EC0-301F-11D3-BF4B-00C04F79EFBC}") = "Template", "Template\Template.csproj", "{4F8DF794-FA56-499F-A3C9-EF3C4472DE9F}"
EndProject
Global
	GlobalSection(SolutionConfigurationPlatforms) = preSolution
		Debug|Any CPU = Debug|Any CPU
		Release|Any CPU = Release|Any CPU
	EndGlobalSection
	GlobalSection(ProjectConfigurationPlatforms) = postSolution
		{4F8DF794-FA56-499F-A3C9-EF3C4472DE9F}.Debug|Any CPU.ActiveCfg = Debug|Any CPU
		{4F8DF794-FA56-499F-A3C9-EF3C4472DE9F}.Debug|Any CPU.Build.0 = Debug|Any CPU
		{4F8DF794-FA56-499F-A3C9-EF3C4472DE9F}.Release|Any CPU.ActiveCfg = Release|Any CPU
		{4F8DF794-FA56-499F-A3C9-EF3C4472DE9F}.Release|Any CPU.Build.0 = Release|Any CPU
	EndGlobalSection
	GlobalSection(SolutionProperties) = preSolution
		HideSolutionNode = FALSE
	EndGlobalSection
	GlobalSection(ExtensibilityGlobals) = postSolution
		SolutionGuid = {14535FE7-31E0-4129-9186-7D2DB5981E7C}
	EndGlobalSection
EndGlobal
